
Microsoft Visual Studio Solution File, Format Version 12.00
# Visual Studio 2012
Project("{FAE04EC0-301F-11D3-BF4B-00C04F79EFBC}") = "DS2017", "DS2017\DS2017.csproj", "{63D140A7-9E0F-405F-B53E-438772C7ADCF}"
EndProject
Global
	GlobalSection(SolutionConfigurationPlatforms) = preSolution
		Debug|Any CPU = Debug|Any CPU
		Release|Any CPU = Release|Any CPU
	EndGlobalSection
	GlobalSection(ProjectConfigurationPlatforms) = postSolution
		{63D140A7-9E0F-405F-B53E-438772C7ADCF}.Debug|Any CPU.ActiveCfg = Debug|Any CPU
		{63D140A7-9E0F-405F-B53E-438772C7ADCF}.Debug|Any CPU.Build.0 = Debug|Any CPU
		{63D140A7-9E0F-405F-B53E-438772C7ADCF}.Release|Any CPU.ActiveCfg = Release|Any CPU
		{63D140A7-9E0F-405F-B53E-438772C7ADCF}.Release|Any CPU.Build.0 = Release|Any CPU
	EndGlobalSection
	GlobalSection(SolutionProperties) = preSolution
		HideSolutionNode = FALSE
	EndGlobalSection
EndGlobal
